// !$*UTF8*$!
{
	archiveVersion = 1;
	classes = {
	};
	objectVersion = 56;
	objects = {

/* Begin PBXBuildFile section */
		71010E3029BD90440051FBA9 /* SourceSansPro-LightItalic.ttf in Resources */ = {isa = PBXBuildFile; fileRef = 71010E2429BD90440051FBA9 /* SourceSansPro-LightItalic.ttf */; };
		71010E3129BD90440051FBA9 /* SourceSansPro-BlackItalic.ttf in Resources */ = {isa = PBXBuildFile; fileRef = 71010E2529BD90440051FBA9 /* SourceSansPro-BlackItalic.ttf */; };
		71010E3229BD90440051FBA9 /* SourceSansPro-SemiBoldItalic.ttf in Resources */ = {isa = PBXBuildFile; fileRef = 71010E2629BD90440051FBA9 /* SourceSansPro-SemiBoldItalic.ttf */; };
		71010E3329BD90440051FBA9 /* SourceSansPro-Light.ttf in Resources */ = {isa = PBXBuildFile; fileRef = 71010E2729BD90440051FBA9 /* SourceSansPro-Light.ttf */; };
		71010E3429BD90440051FBA9 /* SourceSansPro-ExtraLight.ttf in Resources */ = {isa = PBXBuildFile; fileRef = 71010E2829BD90440051FBA9 /* SourceSansPro-ExtraLight.ttf */; };
		71010E3529BD90440051FBA9 /* SourceSansPro-Regular.ttf in Resources */ = {isa = PBXBuildFile; fileRef = 71010E2929BD90440051FBA9 /* SourceSansPro-Regular.ttf */; };
		71010E3629BD90440051FBA9 /* SourceSansPro-Black.ttf in Resources */ = {isa = PBXBuildFile; fileRef = 71010E2A29BD90440051FBA9 /* SourceSansPro-Black.ttf */; };
		71010E3729BD90440051FBA9 /* SourceSansPro-BoldItalic.ttf in Resources */ = {isa = PBXBuildFile; fileRef = 71010E2B29BD90440051FBA9 /* SourceSansPro-BoldItalic.ttf */; };
		71010E3829BD90440051FBA9 /* SourceSansPro-ExtraLightItalic.ttf in Resources */ = {isa = PBXBuildFile; fileRef = 71010E2C29BD90440051FBA9 /* SourceSansPro-ExtraLightItalic.ttf */; };
		71010E3929BD90440051FBA9 /* SourceSansPro-SemiBold.ttf in Resources */ = {isa = PBXBuildFile; fileRef = 71010E2D29BD90440051FBA9 /* SourceSansPro-SemiBold.ttf */; };
		71010E3A29BD90440051FBA9 /* SourceSansPro-Bold.ttf in Resources */ = {isa = PBXBuildFile; fileRef = 71010E2E29BD90440051FBA9 /* SourceSansPro-Bold.ttf */; };
		71010E3B29BD90440051FBA9 /* SourceSansPro-Italic.ttf in Resources */ = {isa = PBXBuildFile; fileRef = 71010E2F29BD90440051FBA9 /* SourceSansPro-Italic.ttf */; };
		71010E3D29BDA5670051FBA9 /* ViewNav.swift in Sources */ = {isa = PBXBuildFile; fileRef = 71010E3C29BDA5670051FBA9 /* ViewNav.swift */; };
		71010E3F29BDA58E0051FBA9 /* FilterView.swift in Sources */ = {isa = PBXBuildFile; fileRef = 71010E3E29BDA58E0051FBA9 /* FilterView.swift */; };
		71010E4429BE9CB40051FBA9 /* EmojiPicker in Frameworks */ = {isa = PBXBuildFile; productRef = 71010E4329BE9CB40051FBA9 /* EmojiPicker */; };
		71010E4629BEA9C60051FBA9 /* Navbar.swift in Sources */ = {isa = PBXBuildFile; fileRef = 71010E4529BEA9C60051FBA9 /* Navbar.swift */; };
		7115E0682B30FFF400A75D5B /* NotificationManager.swift in Sources */ = {isa = PBXBuildFile; fileRef = 7115E0672B30FFF400A75D5B /* NotificationManager.swift */; };
		7115E06A2B31022C00A75D5B /* ViewManager.swift in Sources */ = {isa = PBXBuildFile; fileRef = 7115E0692B31022C00A75D5B /* ViewManager.swift */; };
		71507312299EE61900100B88 /* per_diemApp.swift in Sources */ = {isa = PBXBuildFile; fileRef = 71507311299EE61900100B88 /* per_diemApp.swift */; };
		71507316299EE61A00100B88 /* Assets.xcassets in Resources */ = {isa = PBXBuildFile; fileRef = 71507315299EE61A00100B88 /* Assets.xcassets */; };
		7150731B299EE61A00100B88 /* Persistence.swift in Sources */ = {isa = PBXBuildFile; fileRef = 7150731A299EE61A00100B88 /* Persistence.swift */; };
		7150731E299EE61A00100B88 /* per_diem.xcdatamodeld in Sources */ = {isa = PBXBuildFile; fileRef = 7150731C299EE61A00100B88 /* per_diem.xcdatamodeld */; };
		71507344299EF05200100B88 /* DayList.swift in Sources */ = {isa = PBXBuildFile; fileRef = 71507343299EF05200100B88 /* DayList.swift */; };
		7150734A29A18D0400100B88 /* Day.swift in Sources */ = {isa = PBXBuildFile; fileRef = 7150734929A18D0400100B88 /* Day.swift */; };
		715B715B2B2A6BC0007301D3 /* Components.swift in Sources */ = {isa = PBXBuildFile; fileRef = 715B715A2B2A6BC0007301D3 /* Components.swift */; };
		715DB9E329A1942200260B7C /* ActivityCreatorView.swift in Sources */ = {isa = PBXBuildFile; fileRef = 715DB9DE29A1942200260B7C /* ActivityCreatorView.swift */; };
		715DB9E429A1942200260B7C /* ActivityOptionCreatorView.swift in Sources */ = {isa = PBXBuildFile; fileRef = 715DB9DF29A1942200260B7C /* ActivityOptionCreatorView.swift */; };
		715DB9E529A1942200260B7C /* DayListView.swift in Sources */ = {isa = PBXBuildFile; fileRef = 715DB9E029A1942200260B7C /* DayListView.swift */; };
		715DB9E629A1942200260B7C /* EntryView.swift in Sources */ = {isa = PBXBuildFile; fileRef = 715DB9E129A1942200260B7C /* EntryView.swift */; };
		715DB9E729A1942200260B7C /* ActivityEditorView.swift in Sources */ = {isa = PBXBuildFile; fileRef = 715DB9E229A1942200260B7C /* ActivityEditorView.swift */; };
		715DB9EA29A3661800260B7C /* WrappingHStack in Frameworks */ = {isa = PBXBuildFile; productRef = 715DB9E929A3661800260B7C /* WrappingHStack */; };
		715DB9EC29A6078D00260B7C /* WrappedHStack.swift in Sources */ = {isa = PBXBuildFile; fileRef = 715DB9EB29A6078D00260B7C /* WrappedHStack.swift */; };
		715DB9EE29A9C65700260B7C /* CalendarView.swift in Sources */ = {isa = PBXBuildFile; fileRef = 715DB9ED29A9C65700260B7C /* CalendarView.swift */; };
		715DB9F029A9C66A00260B7C /* Calendar.swift in Sources */ = {isa = PBXBuildFile; fileRef = 715DB9EF29A9C66A00260B7C /* Calendar.swift */; };
		715DB9F229A9DF5F00260B7C /* MainView.swift in Sources */ = {isa = PBXBuildFile; fileRef = 715DB9F129A9DF5F00260B7C /* MainView.swift */; };
		715DB9F429AF229800260B7C /* StreamView.swift in Sources */ = {isa = PBXBuildFile; fileRef = 715DB9F329AF229800260B7C /* StreamView.swift */; };
		719A6C112B0ACCB7004B5E9F /* ActivityOption+CoreDataProperties.swift in Sources */ = {isa = PBXBuildFile; fileRef = 719A6C0D2B0ACCB7004B5E9F /* ActivityOption+CoreDataProperties.swift */; };
		719A6C122B0ACCB7004B5E9F /* Activity+CoreDataClass.swift in Sources */ = {isa = PBXBuildFile; fileRef = 719A6C0E2B0ACCB7004B5E9F /* Activity+CoreDataClass.swift */; };
		719A6C132B0ACCB7004B5E9F /* Activity+CoreDataProperties.swift in Sources */ = {isa = PBXBuildFile; fileRef = 719A6C0F2B0ACCB7004B5E9F /* Activity+CoreDataProperties.swift */; };
		719A6C142B0ACCB7004B5E9F /* ActivityOption+CoreDataClass.swift in Sources */ = {isa = PBXBuildFile; fileRef = 719A6C102B0ACCB7004B5E9F /* ActivityOption+CoreDataClass.swift */; };
		719A6C162B0AD7A2004B5E9F /* SettingsView.swift in Sources */ = {isa = PBXBuildFile; fileRef = 719A6C152B0AD7A2004B5E9F /* SettingsView.swift */; };
		719A6C192B0BFA92004B5E9F /* ExportView.swift in Sources */ = {isa = PBXBuildFile; fileRef = 719A6C182B0BFA92004B5E9F /* ExportView.swift */; };
		719A6C1D2B0D81B7004B5E9F /* ImportView.swift in Sources */ = {isa = PBXBuildFile; fileRef = 719A6C1C2B0D81B7004B5E9F /* ImportView.swift */; };
		719A6C1F2B154A6A004B5E9F /* ExportedActivity.swift in Sources */ = {isa = PBXBuildFile; fileRef = 719A6C1E2B154A6A004B5E9F /* ExportedActivity.swift */; };
		719A6C212B164EC7004B5E9F /* NotificationsView.swift in Sources */ = {isa = PBXBuildFile; fileRef = 719A6C202B164EC7004B5E9F /* NotificationsView.swift */; };
		719A6C242B16989B004B5E9F /* Configuration+CoreDataClass.swift in Sources */ = {isa = PBXBuildFile; fileRef = 719A6C222B16989B004B5E9F /* Configuration+CoreDataClass.swift */; };
		719A6C252B16989B004B5E9F /* Configuration+CoreDataProperties.swift in Sources */ = {isa = PBXBuildFile; fileRef = 719A6C232B16989B004B5E9F /* Configuration+CoreDataProperties.swift */; };
		719A6C272B17F4ED004B5E9F /* ActivityOptionEditorView.swift in Sources */ = {isa = PBXBuildFile; fileRef = 719A6C262B17F4ED004B5E9F /* ActivityOptionEditorView.swift */; };
		71AAE3DE2AE4A60C006B2030 /* IntroView.swift in Sources */ = {isa = PBXBuildFile; fileRef = 71AAE3DD2AE4A60C006B2030 /* IntroView.swift */; };
		71B55F332ACD2EC200999ADD /* EmojiTextField.swift in Sources */ = {isa = PBXBuildFile; fileRef = 71B55F322ACD2EC200999ADD /* EmojiTextField.swift */; };
		71B62DE52AFD9BD200534418 /* PageOneView.swift in Sources */ = {isa = PBXBuildFile; fileRef = 71B62DE42AFD9BD200534418 /* PageOneView.swift */; };
		71B62DE72AFD9BD900534418 /* PageTwoView.swift in Sources */ = {isa = PBXBuildFile; fileRef = 71B62DE62AFD9BD900534418 /* PageTwoView.swift */; };
		71B62DE92AFD9BE000534418 /* PageThreeView.swift in Sources */ = {isa = PBXBuildFile; fileRef = 71B62DE82AFD9BE000534418 /* PageThreeView.swift */; };
		71C05F7929B47E9500E33E99 /* SourceSerifPro-SemiBold.ttf in Resources */ = {isa = PBXBuildFile; fileRef = 71C05F6C29B47E9500E33E99 /* SourceSerifPro-SemiBold.ttf */; };
		71C05F7C29B47E9500E33E99 /* SourceSerifPro-ExtraLightItalic.ttf in Resources */ = {isa = PBXBuildFile; fileRef = 71C05F6D29B47E9500E33E99 /* SourceSerifPro-ExtraLightItalic.ttf */; };
		71C05F7F29B47E9500E33E99 /* SourceSerifPro-Light.ttf in Resources */ = {isa = PBXBuildFile; fileRef = 71C05F6E29B47E9500E33E99 /* SourceSerifPro-Light.ttf */; };
		71C05F8229B47E9500E33E99 /* SourceSerifPro-SemiBoldItalic.ttf in Resources */ = {isa = PBXBuildFile; fileRef = 71C05F6F29B47E9500E33E99 /* SourceSerifPro-SemiBoldItalic.ttf */; };
		71C05F8529B47E9500E33E99 /* SourceSerifPro-ExtraLight.ttf in Resources */ = {isa = PBXBuildFile; fileRef = 71C05F7029B47E9500E33E99 /* SourceSerifPro-ExtraLight.ttf */; };
		71C05F8829B47E9500E33E99 /* SourceSerifPro-Italic.ttf in Resources */ = {isa = PBXBuildFile; fileRef = 71C05F7129B47E9500E33E99 /* SourceSerifPro-Italic.ttf */; };
		71C05F8B29B47E9500E33E99 /* SourceSerifPro-BoldItalic.ttf in Resources */ = {isa = PBXBuildFile; fileRef = 71C05F7229B47E9500E33E99 /* SourceSerifPro-BoldItalic.ttf */; };
		71C05F9129B47E9500E33E99 /* SourceSerifPro-LightItalic.ttf in Resources */ = {isa = PBXBuildFile; fileRef = 71C05F7429B47E9500E33E99 /* SourceSerifPro-LightItalic.ttf */; };
		71C05F9429B47E9500E33E99 /* SourceSerifPro-Black.ttf in Resources */ = {isa = PBXBuildFile; fileRef = 71C05F7529B47E9500E33E99 /* SourceSerifPro-Black.ttf */; };
		71C05F9729B47E9500E33E99 /* SourceSerifPro-Regular.ttf in Resources */ = {isa = PBXBuildFile; fileRef = 71C05F7629B47E9500E33E99 /* SourceSerifPro-Regular.ttf */; };
		71C05F9A29B47E9500E33E99 /* SourceSerifPro-Bold.ttf in Resources */ = {isa = PBXBuildFile; fileRef = 71C05F7729B47E9500E33E99 /* SourceSerifPro-Bold.ttf */; };
		71C05F9D29B47E9500E33E99 /* SourceSerifPro-BlackItalic.ttf in Resources */ = {isa = PBXBuildFile; fileRef = 71C05F7829B47E9500E33E99 /* SourceSerifPro-BlackItalic.ttf */; };
		71CE58942B51EADD00332F56 /* dynamicStyles.swift in Sources */ = {isa = PBXBuildFile; fileRef = 71CE58932B51EADD00332F56 /* dynamicStyles.swift */; };
		71F939DE2B019A8100C19B50 /* SearchView.swift in Sources */ = {isa = PBXBuildFile; fileRef = 71F939DD2B019A8100C19B50 /* SearchView.swift */; };
/* End PBXBuildFile section */

/* Begin PBXCopyFilesBuildPhase section */
		71FA17462B097E0E0093F9E1 /* Embed Watch Content */ = {
			isa = PBXCopyFilesBuildPhase;
			buildActionMask = 2147483647;
			dstPath = "$(CONTENTS_FOLDER_PATH)/Watch";
			dstSubfolderSpec = 16;
			files = (
			);
			name = "Embed Watch Content";
			runOnlyForDeploymentPostprocessing = 0;
		};
/* End PBXCopyFilesBuildPhase section */

/* Begin PBXFileReference section */
		71010E2429BD90440051FBA9 /* SourceSansPro-LightItalic.ttf */ = {isa = PBXFileReference; lastKnownFileType = file; path = "SourceSansPro-LightItalic.ttf"; sourceTree = "<group>"; };
		71010E2529BD90440051FBA9 /* SourceSansPro-BlackItalic.ttf */ = {isa = PBXFileReference; lastKnownFileType = file; path = "SourceSansPro-BlackItalic.ttf"; sourceTree = "<group>"; };
		71010E2629BD90440051FBA9 /* SourceSansPro-SemiBoldItalic.ttf */ = {isa = PBXFileReference; lastKnownFileType = file; path = "SourceSansPro-SemiBoldItalic.ttf"; sourceTree = "<group>"; };
		71010E2729BD90440051FBA9 /* SourceSansPro-Light.ttf */ = {isa = PBXFileReference; lastKnownFileType = file; path = "SourceSansPro-Light.ttf"; sourceTree = "<group>"; };
		71010E2829BD90440051FBA9 /* SourceSansPro-ExtraLight.ttf */ = {isa = PBXFileReference; lastKnownFileType = file; path = "SourceSansPro-ExtraLight.ttf"; sourceTree = "<group>"; };
		71010E2929BD90440051FBA9 /* SourceSansPro-Regular.ttf */ = {isa = PBXFileReference; lastKnownFileType = file; path = "SourceSansPro-Regular.ttf"; sourceTree = "<group>"; };
		71010E2A29BD90440051FBA9 /* SourceSansPro-Black.ttf */ = {isa = PBXFileReference; lastKnownFileType = file; path = "SourceSansPro-Black.ttf"; sourceTree = "<group>"; };
		71010E2B29BD90440051FBA9 /* SourceSansPro-BoldItalic.ttf */ = {isa = PBXFileReference; lastKnownFileType = file; path = "SourceSansPro-BoldItalic.ttf"; sourceTree = "<group>"; };
		71010E2C29BD90440051FBA9 /* SourceSansPro-ExtraLightItalic.ttf */ = {isa = PBXFileReference; lastKnownFileType = file; path = "SourceSansPro-ExtraLightItalic.ttf"; sourceTree = "<group>"; };
		71010E2D29BD90440051FBA9 /* SourceSansPro-SemiBold.ttf */ = {isa = PBXFileReference; lastKnownFileType = file; path = "SourceSansPro-SemiBold.ttf"; sourceTree = "<group>"; };
		71010E2E29BD90440051FBA9 /* SourceSansPro-Bold.ttf */ = {isa = PBXFileReference; lastKnownFileType = file; path = "SourceSansPro-Bold.ttf"; sourceTree = "<group>"; };
		71010E2F29BD90440051FBA9 /* SourceSansPro-Italic.ttf */ = {isa = PBXFileReference; lastKnownFileType = file; path = "SourceSansPro-Italic.ttf"; sourceTree = "<group>"; };
		71010E3C29BDA5670051FBA9 /* ViewNav.swift */ = {isa = PBXFileReference; lastKnownFileType = sourcecode.swift; path = ViewNav.swift; sourceTree = "<group>"; };
		71010E3E29BDA58E0051FBA9 /* FilterView.swift */ = {isa = PBXFileReference; lastKnownFileType = sourcecode.swift; path = FilterView.swift; sourceTree = "<group>"; };
		71010E4529BEA9C60051FBA9 /* Navbar.swift */ = {isa = PBXFileReference; lastKnownFileType = sourcecode.swift; path = Navbar.swift; sourceTree = "<group>"; };
		71134F022ADF328000A41DE4 /* per-diem.entitlements */ = {isa = PBXFileReference; lastKnownFileType = text.plist.entitlements; path = "per-diem.entitlements"; sourceTree = "<group>"; };
		7115E0672B30FFF400A75D5B /* NotificationManager.swift */ = {isa = PBXFileReference; lastKnownFileType = sourcecode.swift; path = NotificationManager.swift; sourceTree = "<group>"; };
		7115E0692B31022C00A75D5B /* ViewManager.swift */ = {isa = PBXFileReference; lastKnownFileType = sourcecode.swift; path = ViewManager.swift; sourceTree = "<group>"; };
		7150730E299EE61900100B88 /* per-diem.app */ = {isa = PBXFileReference; explicitFileType = wrapper.application; includeInIndex = 0; path = "per-diem.app"; sourceTree = BUILT_PRODUCTS_DIR; };
		71507311299EE61900100B88 /* per_diemApp.swift */ = {isa = PBXFileReference; lastKnownFileType = sourcecode.swift; path = per_diemApp.swift; sourceTree = "<group>"; };
		71507315299EE61A00100B88 /* Assets.xcassets */ = {isa = PBXFileReference; lastKnownFileType = folder.assetcatalog; path = Assets.xcassets; sourceTree = "<group>"; };
		7150731A299EE61A00100B88 /* Persistence.swift */ = {isa = PBXFileReference; lastKnownFileType = sourcecode.swift; path = Persistence.swift; sourceTree = "<group>"; };
		7150731D299EE61A00100B88 /* per_diem.xcdatamodel */ = {isa = PBXFileReference; lastKnownFileType = wrapper.xcdatamodel; path = per_diem.xcdatamodel; sourceTree = "<group>"; };
		7150731F299EE61A00100B88 /* Info.plist */ = {isa = PBXFileReference; lastKnownFileType = text.plist.xml; path = Info.plist; sourceTree = "<group>"; };
		71507343299EF05200100B88 /* DayList.swift */ = {isa = PBXFileReference; lastKnownFileType = sourcecode.swift; path = DayList.swift; sourceTree = "<group>"; };
		7150734929A18D0400100B88 /* Day.swift */ = {isa = PBXFileReference; fileEncoding = 4; lastKnownFileType = sourcecode.swift; path = Day.swift; sourceTree = "<group>"; };
		715B715A2B2A6BC0007301D3 /* Components.swift */ = {isa = PBXFileReference; lastKnownFileType = sourcecode.swift; path = Components.swift; sourceTree = "<group>"; };
		715DB9DE29A1942200260B7C /* ActivityCreatorView.swift */ = {isa = PBXFileReference; fileEncoding = 4; lastKnownFileType = sourcecode.swift; path = ActivityCreatorView.swift; sourceTree = "<group>"; };
		715DB9DF29A1942200260B7C /* ActivityOptionCreatorView.swift */ = {isa = PBXFileReference; fileEncoding = 4; lastKnownFileType = sourcecode.swift; path = ActivityOptionCreatorView.swift; sourceTree = "<group>"; };
		715DB9E029A1942200260B7C /* DayListView.swift */ = {isa = PBXFileReference; fileEncoding = 4; lastKnownFileType = sourcecode.swift; path = DayListView.swift; sourceTree = "<group>"; };
		715DB9E129A1942200260B7C /* EntryView.swift */ = {isa = PBXFileReference; fileEncoding = 4; lastKnownFileType = sourcecode.swift; path = EntryView.swift; sourceTree = "<group>"; };
		715DB9E229A1942200260B7C /* ActivityEditorView.swift */ = {isa = PBXFileReference; fileEncoding = 4; lastKnownFileType = sourcecode.swift; path = ActivityEditorView.swift; sourceTree = "<group>"; };
		715DB9EB29A6078D00260B7C /* WrappedHStack.swift */ = {isa = PBXFileReference; lastKnownFileType = sourcecode.swift; path = WrappedHStack.swift; sourceTree = "<group>"; xcLanguageSpecificationIdentifier = xcode.lang.simpleColoring; };
		715DB9ED29A9C65700260B7C /* CalendarView.swift */ = {isa = PBXFileReference; lastKnownFileType = sourcecode.swift; path = CalendarView.swift; sourceTree = "<group>"; };
		715DB9EF29A9C66A00260B7C /* Calendar.swift */ = {isa = PBXFileReference; lastKnownFileType = sourcecode.swift; path = Calendar.swift; sourceTree = "<group>"; };
		715DB9F129A9DF5F00260B7C /* MainView.swift */ = {isa = PBXFileReference; lastKnownFileType = sourcecode.swift; path = MainView.swift; sourceTree = "<group>"; };
		715DB9F329AF229800260B7C /* StreamView.swift */ = {isa = PBXFileReference; lastKnownFileType = sourcecode.swift; path = StreamView.swift; sourceTree = "<group>"; };
		719A6C0D2B0ACCB7004B5E9F /* ActivityOption+CoreDataProperties.swift */ = {isa = PBXFileReference; fileEncoding = 4; lastKnownFileType = sourcecode.swift; path = "ActivityOption+CoreDataProperties.swift"; sourceTree = "<group>"; };
		719A6C0E2B0ACCB7004B5E9F /* Activity+CoreDataClass.swift */ = {isa = PBXFileReference; fileEncoding = 4; lastKnownFileType = sourcecode.swift; path = "Activity+CoreDataClass.swift"; sourceTree = "<group>"; };
		719A6C0F2B0ACCB7004B5E9F /* Activity+CoreDataProperties.swift */ = {isa = PBXFileReference; fileEncoding = 4; lastKnownFileType = sourcecode.swift; path = "Activity+CoreDataProperties.swift"; sourceTree = "<group>"; };
		719A6C102B0ACCB7004B5E9F /* ActivityOption+CoreDataClass.swift */ = {isa = PBXFileReference; fileEncoding = 4; lastKnownFileType = sourcecode.swift; path = "ActivityOption+CoreDataClass.swift"; sourceTree = "<group>"; };
		719A6C152B0AD7A2004B5E9F /* SettingsView.swift */ = {isa = PBXFileReference; lastKnownFileType = sourcecode.swift; path = SettingsView.swift; sourceTree = "<group>"; };
		719A6C182B0BFA92004B5E9F /* ExportView.swift */ = {isa = PBXFileReference; lastKnownFileType = sourcecode.swift; path = ExportView.swift; sourceTree = "<group>"; };
		719A6C1C2B0D81B7004B5E9F /* ImportView.swift */ = {isa = PBXFileReference; lastKnownFileType = sourcecode.swift; path = ImportView.swift; sourceTree = "<group>"; };
		719A6C1E2B154A6A004B5E9F /* ExportedActivity.swift */ = {isa = PBXFileReference; lastKnownFileType = sourcecode.swift; path = ExportedActivity.swift; sourceTree = "<group>"; };
		719A6C202B164EC7004B5E9F /* NotificationsView.swift */ = {isa = PBXFileReference; lastKnownFileType = sourcecode.swift; path = NotificationsView.swift; sourceTree = "<group>"; };
		719A6C222B16989B004B5E9F /* Configuration+CoreDataClass.swift */ = {isa = PBXFileReference; lastKnownFileType = sourcecode.swift; path = "Configuration+CoreDataClass.swift"; sourceTree = "<group>"; };
		719A6C232B16989B004B5E9F /* Configuration+CoreDataProperties.swift */ = {isa = PBXFileReference; lastKnownFileType = sourcecode.swift; path = "Configuration+CoreDataProperties.swift"; sourceTree = "<group>"; };
		719A6C262B17F4ED004B5E9F /* ActivityOptionEditorView.swift */ = {isa = PBXFileReference; lastKnownFileType = sourcecode.swift; path = ActivityOptionEditorView.swift; sourceTree = "<group>"; };
		71AAE3DD2AE4A60C006B2030 /* IntroView.swift */ = {isa = PBXFileReference; lastKnownFileType = sourcecode.swift; path = IntroView.swift; sourceTree = "<group>"; };
		71B55F322ACD2EC200999ADD /* EmojiTextField.swift */ = {isa = PBXFileReference; lastKnownFileType = sourcecode.swift; path = EmojiTextField.swift; sourceTree = "<group>"; };
		71B62DE42AFD9BD200534418 /* PageOneView.swift */ = {isa = PBXFileReference; lastKnownFileType = sourcecode.swift; path = PageOneView.swift; sourceTree = "<group>"; };
		71B62DE62AFD9BD900534418 /* PageTwoView.swift */ = {isa = PBXFileReference; fileEncoding = 4; lastKnownFileType = sourcecode.swift; path = PageTwoView.swift; sourceTree = "<group>"; };
		71B62DE82AFD9BE000534418 /* PageThreeView.swift */ = {isa = PBXFileReference; fileEncoding = 4; lastKnownFileType = sourcecode.swift; path = PageThreeView.swift; sourceTree = "<group>"; };
		71C05F6C29B47E9500E33E99 /* SourceSerifPro-SemiBold.ttf */ = {isa = PBXFileReference; lastKnownFileType = file; path = "SourceSerifPro-SemiBold.ttf"; sourceTree = "<group>"; };
		71C05F6D29B47E9500E33E99 /* SourceSerifPro-ExtraLightItalic.ttf */ = {isa = PBXFileReference; lastKnownFileType = file; path = "SourceSerifPro-ExtraLightItalic.ttf"; sourceTree = "<group>"; };
		71C05F6E29B47E9500E33E99 /* SourceSerifPro-Light.ttf */ = {isa = PBXFileReference; lastKnownFileType = file; path = "SourceSerifPro-Light.ttf"; sourceTree = "<group>"; };
		71C05F6F29B47E9500E33E99 /* SourceSerifPro-SemiBoldItalic.ttf */ = {isa = PBXFileReference; lastKnownFileType = file; path = "SourceSerifPro-SemiBoldItalic.ttf"; sourceTree = "<group>"; };
		71C05F7029B47E9500E33E99 /* SourceSerifPro-ExtraLight.ttf */ = {isa = PBXFileReference; lastKnownFileType = file; path = "SourceSerifPro-ExtraLight.ttf"; sourceTree = "<group>"; };
		71C05F7129B47E9500E33E99 /* SourceSerifPro-Italic.ttf */ = {isa = PBXFileReference; lastKnownFileType = file; path = "SourceSerifPro-Italic.ttf"; sourceTree = "<group>"; };
		71C05F7229B47E9500E33E99 /* SourceSerifPro-BoldItalic.ttf */ = {isa = PBXFileReference; lastKnownFileType = file; path = "SourceSerifPro-BoldItalic.ttf"; sourceTree = "<group>"; };
		71C05F7429B47E9500E33E99 /* SourceSerifPro-LightItalic.ttf */ = {isa = PBXFileReference; lastKnownFileType = file; path = "SourceSerifPro-LightItalic.ttf"; sourceTree = "<group>"; };
		71C05F7529B47E9500E33E99 /* SourceSerifPro-Black.ttf */ = {isa = PBXFileReference; lastKnownFileType = file; path = "SourceSerifPro-Black.ttf"; sourceTree = "<group>"; };
		71C05F7629B47E9500E33E99 /* SourceSerifPro-Regular.ttf */ = {isa = PBXFileReference; lastKnownFileType = file; path = "SourceSerifPro-Regular.ttf"; sourceTree = "<group>"; };
		71C05F7729B47E9500E33E99 /* SourceSerifPro-Bold.ttf */ = {isa = PBXFileReference; lastKnownFileType = file; path = "SourceSerifPro-Bold.ttf"; sourceTree = "<group>"; };
		71C05F7829B47E9500E33E99 /* SourceSerifPro-BlackItalic.ttf */ = {isa = PBXFileReference; lastKnownFileType = file; path = "SourceSerifPro-BlackItalic.ttf"; sourceTree = "<group>"; };
		71CE58932B51EADD00332F56 /* dynamicStyles.swift */ = {isa = PBXFileReference; fileEncoding = 4; lastKnownFileType = sourcecode.swift; path = dynamicStyles.swift; sourceTree = "<group>"; };
		71F939DD2B019A8100C19B50 /* SearchView.swift */ = {isa = PBXFileReference; fileEncoding = 4; lastKnownFileType = sourcecode.swift; path = SearchView.swift; sourceTree = "<group>"; };
		71FA173A2B097E0D0093F9E1 /* pd_watchApp.swift */ = {isa = PBXFileReference; lastKnownFileType = sourcecode.swift; path = pd_watchApp.swift; sourceTree = "<group>"; };
		71FA173C2B097E0D0093F9E1 /* ContentView.swift */ = {isa = PBXFileReference; lastKnownFileType = sourcecode.swift; path = ContentView.swift; sourceTree = "<group>"; };
		71FA173E2B097E0E0093F9E1 /* Assets.xcassets */ = {isa = PBXFileReference; lastKnownFileType = folder.assetcatalog; path = Assets.xcassets; sourceTree = "<group>"; };
		71FA17412B097E0E0093F9E1 /* Preview Assets.xcassets */ = {isa = PBXFileReference; lastKnownFileType = folder.assetcatalog; path = "Preview Assets.xcassets"; sourceTree = "<group>"; };
/* End PBXFileReference section */

/* Begin PBXFrameworksBuildPhase section */
		7150730B299EE61900100B88 /* Frameworks */ = {
			isa = PBXFrameworksBuildPhase;
			buildActionMask = 2147483647;
			files = (
				715DB9EA29A3661800260B7C /* WrappingHStack in Frameworks */,
				71010E4429BE9CB40051FBA9 /* EmojiPicker in Frameworks */,
			);
			runOnlyForDeploymentPostprocessing = 0;
		};
/* End PBXFrameworksBuildPhase section */

/* Begin PBXGroup section */
		71507305299EE61900100B88 = {
			isa = PBXGroup;
			children = (
				719A6C222B16989B004B5E9F /* Configuration+CoreDataClass.swift */,
				719A6C232B16989B004B5E9F /* Configuration+CoreDataProperties.swift */,
				719A6C0E2B0ACCB7004B5E9F /* Activity+CoreDataClass.swift */,
				719A6C0F2B0ACCB7004B5E9F /* Activity+CoreDataProperties.swift */,
				719A6C102B0ACCB7004B5E9F /* ActivityOption+CoreDataClass.swift */,
				719A6C0D2B0ACCB7004B5E9F /* ActivityOption+CoreDataProperties.swift */,
				71507310299EE61900100B88 /* per-diem */,
				71FA17392B097E0D0093F9E1 /* pd-watch Watch App */,
				7150730F299EE61900100B88 /* Products */,
			);
			sourceTree = "<group>";
		};
		7150730F299EE61900100B88 /* Products */ = {
			isa = PBXGroup;
			children = (
				7150730E299EE61900100B88 /* per-diem.app */,
			);
			name = Products;
			sourceTree = "<group>";
		};
		71507310299EE61900100B88 /* per-diem */ = {
			isa = PBXGroup;
			children = (
				71134F022ADF328000A41DE4 /* per-diem.entitlements */,
				71C05F6B29B47E9500E33E99 /* Source_Serif_Pro */,
				7150734829A18CD400100B88 /* models */,
				7150734729A18CC000100B88 /* views */,
				71507311299EE61900100B88 /* per_diemApp.swift */,
				71507315299EE61A00100B88 /* Assets.xcassets */,
				7150731A299EE61A00100B88 /* Persistence.swift */,
				7150731F299EE61A00100B88 /* Info.plist */,
				7150731C299EE61A00100B88 /* per_diem.xcdatamodeld */,
			);
			path = "per-diem";
			sourceTree = "<group>";
		};
		7150734729A18CC000100B88 /* views */ = {
			isa = PBXGroup;
			children = (
				719A6C172B0BFA73004B5E9F /* settings */,
				71B62DE32AFD9BB800534418 /* intro */,
				715DB9DE29A1942200260B7C /* ActivityCreatorView.swift */,
				715DB9E229A1942200260B7C /* ActivityEditorView.swift */,
				715DB9DF29A1942200260B7C /* ActivityOptionCreatorView.swift */,
				715DB9E029A1942200260B7C /* DayListView.swift */,
				715DB9E129A1942200260B7C /* EntryView.swift */,
				715DB9ED29A9C65700260B7C /* CalendarView.swift */,
				715DB9F129A9DF5F00260B7C /* MainView.swift */,
				715DB9F329AF229800260B7C /* StreamView.swift */,
				71010E3C29BDA5670051FBA9 /* ViewNav.swift */,
				71010E3E29BDA58E0051FBA9 /* FilterView.swift */,
				71F939DD2B019A8100C19B50 /* SearchView.swift */,
				71010E4529BEA9C60051FBA9 /* Navbar.swift */,
				71B55F322ACD2EC200999ADD /* EmojiTextField.swift */,
				715B715A2B2A6BC0007301D3 /* Components.swift */,
				71CE58932B51EADD00332F56 /* dynamicStyles.swift */,
			);
			path = views;
			sourceTree = "<group>";
		};
		7150734829A18CD400100B88 /* models */ = {
			isa = PBXGroup;
			children = (
				71507343299EF05200100B88 /* DayList.swift */,
				7150734929A18D0400100B88 /* Day.swift */,
				715DB9EB29A6078D00260B7C /* WrappedHStack.swift */,
				715DB9EF29A9C66A00260B7C /* Calendar.swift */,
				719A6C1E2B154A6A004B5E9F /* ExportedActivity.swift */,
				7115E0672B30FFF400A75D5B /* NotificationManager.swift */,
				7115E0692B31022C00A75D5B /* ViewManager.swift */,
			);
			path = models;
			sourceTree = "<group>";
		};
		719A6C172B0BFA73004B5E9F /* settings */ = {
			isa = PBXGroup;
			children = (
				719A6C152B0AD7A2004B5E9F /* SettingsView.swift */,
				719A6C182B0BFA92004B5E9F /* ExportView.swift */,
				719A6C1C2B0D81B7004B5E9F /* ImportView.swift */,
				719A6C202B164EC7004B5E9F /* NotificationsView.swift */,
				719A6C262B17F4ED004B5E9F /* ActivityOptionEditorView.swift */,
			);
			path = settings;
			sourceTree = "<group>";
		};
		71B62DE32AFD9BB800534418 /* intro */ = {
			isa = PBXGroup;
			children = (
				71AAE3DD2AE4A60C006B2030 /* IntroView.swift */,
				71B62DE42AFD9BD200534418 /* PageOneView.swift */,
				71B62DE62AFD9BD900534418 /* PageTwoView.swift */,
				71B62DE82AFD9BE000534418 /* PageThreeView.swift */,
			);
			path = intro;
			sourceTree = "<group>";
		};
		71C05F6B29B47E9500E33E99 /* Source_Serif_Pro */ = {
			isa = PBXGroup;
			children = (
				71C05F6C29B47E9500E33E99 /* SourceSerifPro-SemiBold.ttf */,
				71C05F6D29B47E9500E33E99 /* SourceSerifPro-ExtraLightItalic.ttf */,
				71C05F6E29B47E9500E33E99 /* SourceSerifPro-Light.ttf */,
				71C05F6F29B47E9500E33E99 /* SourceSerifPro-SemiBoldItalic.ttf */,
				71C05F7029B47E9500E33E99 /* SourceSerifPro-ExtraLight.ttf */,
				71C05F7129B47E9500E33E99 /* SourceSerifPro-Italic.ttf */,
				71C05F7229B47E9500E33E99 /* SourceSerifPro-BoldItalic.ttf */,
				71C05F7429B47E9500E33E99 /* SourceSerifPro-LightItalic.ttf */,
				71C05F7529B47E9500E33E99 /* SourceSerifPro-Black.ttf */,
				71C05F7629B47E9500E33E99 /* SourceSerifPro-Regular.ttf */,
				71C05F7729B47E9500E33E99 /* SourceSerifPro-Bold.ttf */,
				71C05F7829B47E9500E33E99 /* SourceSerifPro-BlackItalic.ttf */,
				71010E2A29BD90440051FBA9 /* SourceSansPro-Black.ttf */,
				71010E2529BD90440051FBA9 /* SourceSansPro-BlackItalic.ttf */,
				71010E2E29BD90440051FBA9 /* SourceSansPro-Bold.ttf */,
				71010E2B29BD90440051FBA9 /* SourceSansPro-BoldItalic.ttf */,
				71010E2829BD90440051FBA9 /* SourceSansPro-ExtraLight.ttf */,
				71010E2C29BD90440051FBA9 /* SourceSansPro-ExtraLightItalic.ttf */,
				71010E2F29BD90440051FBA9 /* SourceSansPro-Italic.ttf */,
				71010E2729BD90440051FBA9 /* SourceSansPro-Light.ttf */,
				71010E2429BD90440051FBA9 /* SourceSansPro-LightItalic.ttf */,
				71010E2929BD90440051FBA9 /* SourceSansPro-Regular.ttf */,
				71010E2D29BD90440051FBA9 /* SourceSansPro-SemiBold.ttf */,
				71010E2629BD90440051FBA9 /* SourceSansPro-SemiBoldItalic.ttf */,
			);
			path = Source_Serif_Pro;
			sourceTree = "<group>";
		};
		71FA17392B097E0D0093F9E1 /* pd-watch Watch App */ = {
			isa = PBXGroup;
			children = (
				71FA173A2B097E0D0093F9E1 /* pd_watchApp.swift */,
				71FA173C2B097E0D0093F9E1 /* ContentView.swift */,
				71FA173E2B097E0E0093F9E1 /* Assets.xcassets */,
				71FA17402B097E0E0093F9E1 /* Preview Content */,
			);
			path = "pd-watch Watch App";
			sourceTree = "<group>";
		};
		71FA17402B097E0E0093F9E1 /* Preview Content */ = {
			isa = PBXGroup;
			children = (
				71FA17412B097E0E0093F9E1 /* Preview Assets.xcassets */,
			);
			path = "Preview Content";
			sourceTree = "<group>";
		};
/* End PBXGroup section */

/* Begin PBXNativeTarget section */
		7150730D299EE61900100B88 /* per-diem */ = {
			isa = PBXNativeTarget;
			buildConfigurationList = 71507338299EE61A00100B88 /* Build configuration list for PBXNativeTarget "per-diem" */;
			buildPhases = (
				7150730A299EE61900100B88 /* Sources */,
				7150730B299EE61900100B88 /* Frameworks */,
				7150730C299EE61900100B88 /* Resources */,
				71FA17462B097E0E0093F9E1 /* Embed Watch Content */,
			);
			buildRules = (
			);
			dependencies = (
			);
			name = "per-diem";
			packageProductDependencies = (
				715DB9E929A3661800260B7C /* WrappingHStack */,
				71010E4329BE9CB40051FBA9 /* EmojiPicker */,
			);
			productName = "per-diem";
			productReference = 7150730E299EE61900100B88 /* per-diem.app */;
			productType = "com.apple.product-type.application";
		};
/* End PBXNativeTarget section */

/* Begin PBXProject section */
		71507306299EE61900100B88 /* Project object */ = {
			isa = PBXProject;
			attributes = {
				BuildIndependentTargetsInParallel = 1;
				LastSwiftUpdateCheck = 1500;
				LastUpgradeCheck = 1500;
				TargetAttributes = {
					7150730D299EE61900100B88 = {
						CreatedOnToolsVersion = 14.2;
					};
				};
			};
			buildConfigurationList = 71507309299EE61900100B88 /* Build configuration list for PBXProject "per-diem" */;
			compatibilityVersion = "Xcode 14.0";
			developmentRegion = en;
			hasScannedForEncodings = 0;
			knownRegions = (
				en,
				Base,
			);
			mainGroup = 71507305299EE61900100B88;
			packageReferences = (
				715DB9E829A3661800260B7C /* XCRemoteSwiftPackageReference "WrappingHStack" */,
				71010E4229BE9CB40051FBA9 /* XCRemoteSwiftPackageReference "EmojiPicker" */,
			);
			productRefGroup = 7150730F299EE61900100B88 /* Products */;
			projectDirPath = "";
			projectRoot = "";
			targets = (
				7150730D299EE61900100B88 /* per-diem */,
			);
		};
/* End PBXProject section */

/* Begin PBXResourcesBuildPhase section */
		7150730C299EE61900100B88 /* Resources */ = {
			isa = PBXResourcesBuildPhase;
			buildActionMask = 2147483647;
			files = (
				71C05F9A29B47E9500E33E99 /* SourceSerifPro-Bold.ttf in Resources */,
				71010E3529BD90440051FBA9 /* SourceSansPro-Regular.ttf in Resources */,
				71C05F9429B47E9500E33E99 /* SourceSerifPro-Black.ttf in Resources */,
				71C05F8229B47E9500E33E99 /* SourceSerifPro-SemiBoldItalic.ttf in Resources */,
				71C05F8529B47E9500E33E99 /* SourceSerifPro-ExtraLight.ttf in Resources */,
				71010E3329BD90440051FBA9 /* SourceSansPro-Light.ttf in Resources */,
				71010E3929BD90440051FBA9 /* SourceSansPro-SemiBold.ttf in Resources */,
				71010E3829BD90440051FBA9 /* SourceSansPro-ExtraLightItalic.ttf in Resources */,
				71C05F9129B47E9500E33E99 /* SourceSerifPro-LightItalic.ttf in Resources */,
				71010E3729BD90440051FBA9 /* SourceSansPro-BoldItalic.ttf in Resources */,
				71C05F8829B47E9500E33E99 /* SourceSerifPro-Italic.ttf in Resources */,
				71010E3629BD90440051FBA9 /* SourceSansPro-Black.ttf in Resources */,
				71C05F7F29B47E9500E33E99 /* SourceSerifPro-Light.ttf in Resources */,
				71010E3029BD90440051FBA9 /* SourceSansPro-LightItalic.ttf in Resources */,
				71C05F7C29B47E9500E33E99 /* SourceSerifPro-ExtraLightItalic.ttf in Resources */,
				71C05F8B29B47E9500E33E99 /* SourceSerifPro-BoldItalic.ttf in Resources */,
				71010E3229BD90440051FBA9 /* SourceSansPro-SemiBoldItalic.ttf in Resources */,
				71010E3429BD90440051FBA9 /* SourceSansPro-ExtraLight.ttf in Resources */,
				71C05F9D29B47E9500E33E99 /* SourceSerifPro-BlackItalic.ttf in Resources */,
				71010E3B29BD90440051FBA9 /* SourceSansPro-Italic.ttf in Resources */,
				71C05F7929B47E9500E33E99 /* SourceSerifPro-SemiBold.ttf in Resources */,
				71010E3129BD90440051FBA9 /* SourceSansPro-BlackItalic.ttf in Resources */,
				71C05F9729B47E9500E33E99 /* SourceSerifPro-Regular.ttf in Resources */,
				71507316299EE61A00100B88 /* Assets.xcassets in Resources */,
				71010E3A29BD90440051FBA9 /* SourceSansPro-Bold.ttf in Resources */,
			);
			runOnlyForDeploymentPostprocessing = 0;
		};
/* End PBXResourcesBuildPhase section */

/* Begin PBXSourcesBuildPhase section */
		7150730A299EE61900100B88 /* Sources */ = {
			isa = PBXSourcesBuildPhase;
			buildActionMask = 2147483647;
			files = (
				719A6C1D2B0D81B7004B5E9F /* ImportView.swift in Sources */,
				71B62DE72AFD9BD900534418 /* PageTwoView.swift in Sources */,
				71B62DE52AFD9BD200534418 /* PageOneView.swift in Sources */,
				715DB9E629A1942200260B7C /* EntryView.swift in Sources */,
				719A6C242B16989B004B5E9F /* Configuration+CoreDataClass.swift in Sources */,
				715DB9F229A9DF5F00260B7C /* MainView.swift in Sources */,
				71F939DE2B019A8100C19B50 /* SearchView.swift in Sources */,
				71B55F332ACD2EC200999ADD /* EmojiTextField.swift in Sources */,
				71B62DE92AFD9BE000534418 /* PageThreeView.swift in Sources */,
				7150734A29A18D0400100B88 /* Day.swift in Sources */,
				719A6C1F2B154A6A004B5E9F /* ExportedActivity.swift in Sources */,
				719A6C192B0BFA92004B5E9F /* ExportView.swift in Sources */,
				71CE58942B51EADD00332F56 /* dynamicStyles.swift in Sources */,
				71010E4629BEA9C60051FBA9 /* Navbar.swift in Sources */,
				715DB9EE29A9C65700260B7C /* CalendarView.swift in Sources */,
				7150731B299EE61A00100B88 /* Persistence.swift in Sources */,
				719A6C252B16989B004B5E9F /* Configuration+CoreDataProperties.swift in Sources */,
				719A6C212B164EC7004B5E9F /* NotificationsView.swift in Sources */,
				715DB9EC29A6078D00260B7C /* WrappedHStack.swift in Sources */,
				715DB9E529A1942200260B7C /* DayListView.swift in Sources */,
				715DB9E729A1942200260B7C /* ActivityEditorView.swift in Sources */,
				719A6C122B0ACCB7004B5E9F /* Activity+CoreDataClass.swift in Sources */,
				719A6C142B0ACCB7004B5E9F /* ActivityOption+CoreDataClass.swift in Sources */,
				71010E3D29BDA5670051FBA9 /* ViewNav.swift in Sources */,
				7150731E299EE61A00100B88 /* per_diem.xcdatamodeld in Sources */,
				719A6C162B0AD7A2004B5E9F /* SettingsView.swift in Sources */,
				719A6C272B17F4ED004B5E9F /* ActivityOptionEditorView.swift in Sources */,
				71010E3F29BDA58E0051FBA9 /* FilterView.swift in Sources */,
				71507344299EF05200100B88 /* DayList.swift in Sources */,
				715DB9F029A9C66A00260B7C /* Calendar.swift in Sources */,
				715DB9E429A1942200260B7C /* ActivityOptionCreatorView.swift in Sources */,
				715B715B2B2A6BC0007301D3 /* Components.swift in Sources */,
				715DB9E329A1942200260B7C /* ActivityCreatorView.swift in Sources */,
				71AAE3DE2AE4A60C006B2030 /* IntroView.swift in Sources */,
				7115E06A2B31022C00A75D5B /* ViewManager.swift in Sources */,
				719A6C112B0ACCB7004B5E9F /* ActivityOption+CoreDataProperties.swift in Sources */,
				7115E0682B30FFF400A75D5B /* NotificationManager.swift in Sources */,
				715DB9F429AF229800260B7C /* StreamView.swift in Sources */,
				71507312299EE61900100B88 /* per_diemApp.swift in Sources */,
				719A6C132B0ACCB7004B5E9F /* Activity+CoreDataProperties.swift in Sources */,
			);
			runOnlyForDeploymentPostprocessing = 0;
		};
/* End PBXSourcesBuildPhase section */

/* Begin XCBuildConfiguration section */
		71507336299EE61A00100B88 /* Debug */ = {
			isa = XCBuildConfiguration;
			buildSettings = {
				ALWAYS_SEARCH_USER_PATHS = NO;
				CLANG_ANALYZER_NONNULL = YES;
				CLANG_ANALYZER_NUMBER_OBJECT_CONVERSION = YES_AGGRESSIVE;
				CLANG_CXX_LANGUAGE_STANDARD = "gnu++20";
				CLANG_ENABLE_MODULES = YES;
				CLANG_ENABLE_OBJC_ARC = YES;
				CLANG_ENABLE_OBJC_WEAK = YES;
				CLANG_WARN_BLOCK_CAPTURE_AUTORELEASING = YES;
				CLANG_WARN_BOOL_CONVERSION = YES;
				CLANG_WARN_COMMA = YES;
				CLANG_WARN_CONSTANT_CONVERSION = YES;
				CLANG_WARN_DEPRECATED_OBJC_IMPLEMENTATIONS = YES;
				CLANG_WARN_DIRECT_OBJC_ISA_USAGE = YES_ERROR;
				CLANG_WARN_DOCUMENTATION_COMMENTS = YES;
				CLANG_WARN_EMPTY_BODY = YES;
				CLANG_WARN_ENUM_CONVERSION = YES;
				CLANG_WARN_INFINITE_RECURSION = YES;
				CLANG_WARN_INT_CONVERSION = YES;
				CLANG_WARN_NON_LITERAL_NULL_CONVERSION = YES;
				CLANG_WARN_OBJC_IMPLICIT_RETAIN_SELF = YES;
				CLANG_WARN_OBJC_LITERAL_CONVERSION = YES;
				CLANG_WARN_OBJC_ROOT_CLASS = YES_ERROR;
				CLANG_WARN_QUOTED_INCLUDE_IN_FRAMEWORK_HEADER = YES;
				CLANG_WARN_RANGE_LOOP_ANALYSIS = YES;
				CLANG_WARN_STRICT_PROTOTYPES = YES;
				CLANG_WARN_SUSPICIOUS_MOVE = YES;
				CLANG_WARN_UNGUARDED_AVAILABILITY = YES_AGGRESSIVE;
				CLANG_WARN_UNREACHABLE_CODE = YES;
				CLANG_WARN__DUPLICATE_METHOD_MATCH = YES;
				COPY_PHASE_STRIP = NO;
				DEBUG_INFORMATION_FORMAT = dwarf;
				ENABLE_STRICT_OBJC_MSGSEND = YES;
				ENABLE_TESTABILITY = YES;
				ENABLE_USER_SCRIPT_SANDBOXING = YES;
				GCC_C_LANGUAGE_STANDARD = gnu11;
				GCC_DYNAMIC_NO_PIC = NO;
				GCC_NO_COMMON_BLOCKS = YES;
				GCC_OPTIMIZATION_LEVEL = 0;
				GCC_PREPROCESSOR_DEFINITIONS = (
					"DEBUG=1",
					"$(inherited)",
				);
				GCC_WARN_64_TO_32_BIT_CONVERSION = YES;
				GCC_WARN_ABOUT_RETURN_TYPE = YES_ERROR;
				GCC_WARN_UNDECLARED_SELECTOR = YES;
				GCC_WARN_UNINITIALIZED_AUTOS = YES_AGGRESSIVE;
				GCC_WARN_UNUSED_FUNCTION = YES;
				GCC_WARN_UNUSED_VARIABLE = YES;
				IPHONEOS_DEPLOYMENT_TARGET = 16.2;
				MTL_ENABLE_DEBUG_INFO = INCLUDE_SOURCE;
				MTL_FAST_MATH = YES;
				ONLY_ACTIVE_ARCH = YES;
				SDKROOT = iphoneos;
				SWIFT_ACTIVE_COMPILATION_CONDITIONS = DEBUG;
				SWIFT_OPTIMIZATION_LEVEL = "-Onone";
			};
			name = Debug;
		};
		71507337299EE61A00100B88 /* Release */ = {
			isa = XCBuildConfiguration;
			buildSettings = {
				ALWAYS_SEARCH_USER_PATHS = NO;
				CLANG_ANALYZER_NONNULL = YES;
				CLANG_ANALYZER_NUMBER_OBJECT_CONVERSION = YES_AGGRESSIVE;
				CLANG_CXX_LANGUAGE_STANDARD = "gnu++20";
				CLANG_ENABLE_MODULES = YES;
				CLANG_ENABLE_OBJC_ARC = YES;
				CLANG_ENABLE_OBJC_WEAK = YES;
				CLANG_WARN_BLOCK_CAPTURE_AUTORELEASING = YES;
				CLANG_WARN_BOOL_CONVERSION = YES;
				CLANG_WARN_COMMA = YES;
				CLANG_WARN_CONSTANT_CONVERSION = YES;
				CLANG_WARN_DEPRECATED_OBJC_IMPLEMENTATIONS = YES;
				CLANG_WARN_DIRECT_OBJC_ISA_USAGE = YES_ERROR;
				CLANG_WARN_DOCUMENTATION_COMMENTS = YES;
				CLANG_WARN_EMPTY_BODY = YES;
				CLANG_WARN_ENUM_CONVERSION = YES;
				CLANG_WARN_INFINITE_RECURSION = YES;
				CLANG_WARN_INT_CONVERSION = YES;
				CLANG_WARN_NON_LITERAL_NULL_CONVERSION = YES;
				CLANG_WARN_OBJC_IMPLICIT_RETAIN_SELF = YES;
				CLANG_WARN_OBJC_LITERAL_CONVERSION = YES;
				CLANG_WARN_OBJC_ROOT_CLASS = YES_ERROR;
				CLANG_WARN_QUOTED_INCLUDE_IN_FRAMEWORK_HEADER = YES;
				CLANG_WARN_RANGE_LOOP_ANALYSIS = YES;
				CLANG_WARN_STRICT_PROTOTYPES = YES;
				CLANG_WARN_SUSPICIOUS_MOVE = YES;
				CLANG_WARN_UNGUARDED_AVAILABILITY = YES_AGGRESSIVE;
				CLANG_WARN_UNREACHABLE_CODE = YES;
				CLANG_WARN__DUPLICATE_METHOD_MATCH = YES;
				COPY_PHASE_STRIP = NO;
				DEBUG_INFORMATION_FORMAT = "dwarf-with-dsym";
				ENABLE_NS_ASSERTIONS = NO;
				ENABLE_STRICT_OBJC_MSGSEND = YES;
				ENABLE_USER_SCRIPT_SANDBOXING = YES;
				GCC_C_LANGUAGE_STANDARD = gnu11;
				GCC_NO_COMMON_BLOCKS = YES;
				GCC_WARN_64_TO_32_BIT_CONVERSION = YES;
				GCC_WARN_ABOUT_RETURN_TYPE = YES_ERROR;
				GCC_WARN_UNDECLARED_SELECTOR = YES;
				GCC_WARN_UNINITIALIZED_AUTOS = YES_AGGRESSIVE;
				GCC_WARN_UNUSED_FUNCTION = YES;
				GCC_WARN_UNUSED_VARIABLE = YES;
				IPHONEOS_DEPLOYMENT_TARGET = 16.2;
				MTL_ENABLE_DEBUG_INFO = NO;
				MTL_FAST_MATH = YES;
				SDKROOT = iphoneos;
				SWIFT_COMPILATION_MODE = wholemodule;
				SWIFT_OPTIMIZATION_LEVEL = "-O";
				VALIDATE_PRODUCT = YES;
			};
			name = Release;
		};
		71507339299EE61A00100B88 /* Debug */ = {
			isa = XCBuildConfiguration;
			buildSettings = {
				ALWAYS_EMBED_SWIFT_STANDARD_LIBRARIES = YES;
				ASSETCATALOG_COMPILER_APPICON_NAME = AppIcon;
				ASSETCATALOG_COMPILER_GLOBAL_ACCENT_COLOR_NAME = AccentColor;
				CODE_SIGN_ENTITLEMENTS = "per-diem/per-diem.entitlements";
				CODE_SIGN_IDENTITY = "Apple Development";
				CODE_SIGN_STYLE = Automatic;
				CURRENT_PROJECT_VERSION = 1;
				DEVELOPMENT_TEAM = WLK83U3V7W;
				ENABLE_PREVIEWS = YES;
				GENERATE_INFOPLIST_FILE = YES;
				INFOPLIST_FILE = "per-diem/Info.plist";
				INFOPLIST_KEY_UIApplicationSceneManifest_Generation = YES;
				INFOPLIST_KEY_UIApplicationSupportsIndirectInputEvents = YES;
				INFOPLIST_KEY_UILaunchScreen_Generation = YES;
				INFOPLIST_KEY_UISupportedInterfaceOrientations_iPad = "UIInterfaceOrientationPortrait UIInterfaceOrientationPortraitUpsideDown UIInterfaceOrientationLandscapeLeft UIInterfaceOrientationLandscapeRight";
				INFOPLIST_KEY_UISupportedInterfaceOrientations_iPhone = "UIInterfaceOrientationPortrait UIInterfaceOrientationLandscapeLeft UIInterfaceOrientationLandscapeRight";
				LD_RUNPATH_SEARCH_PATHS = (
					"$(inherited)",
					"@executable_path/Frameworks",
				);
				MARKETING_VERSION = 1.0;
				PRODUCT_BUNDLE_IDENTIFIER = "com.pdapp.per-diem";
				PRODUCT_NAME = "$(TARGET_NAME)";
				PROVISIONING_PROFILE_SPECIFIER = "";
				SWIFT_EMIT_LOC_STRINGS = YES;
				SWIFT_VERSION = 5.0;
				TARGETED_DEVICE_FAMILY = "1,2";
			};
			name = Debug;
		};
		7150733A299EE61A00100B88 /* Release */ = {
			isa = XCBuildConfiguration;
			buildSettings = {
				ALWAYS_EMBED_SWIFT_STANDARD_LIBRARIES = YES;
				ASSETCATALOG_COMPILER_APPICON_NAME = AppIcon;
				ASSETCATALOG_COMPILER_GLOBAL_ACCENT_COLOR_NAME = AccentColor;
				CODE_SIGN_ENTITLEMENTS = "per-diem/per-diem.entitlements";
				CODE_SIGN_IDENTITY = "Apple Development";
				CODE_SIGN_STYLE = Automatic;
				CURRENT_PROJECT_VERSION = 1;
				DEVELOPMENT_TEAM = WLK83U3V7W;
				ENABLE_PREVIEWS = YES;
				GENERATE_INFOPLIST_FILE = YES;
				INFOPLIST_FILE = "per-diem/Info.plist";
				INFOPLIST_KEY_UIApplicationSceneManifest_Generation = YES;
				INFOPLIST_KEY_UIApplicationSupportsIndirectInputEvents = YES;
				INFOPLIST_KEY_UILaunchScreen_Generation = YES;
				INFOPLIST_KEY_UISupportedInterfaceOrientations_iPad = "UIInterfaceOrientationPortrait UIInterfaceOrientationPortraitUpsideDown UIInterfaceOrientationLandscapeLeft UIInterfaceOrientationLandscapeRight";
				INFOPLIST_KEY_UISupportedInterfaceOrientations_iPhone = "UIInterfaceOrientationPortrait UIInterfaceOrientationLandscapeLeft UIInterfaceOrientationLandscapeRight";
				LD_RUNPATH_SEARCH_PATHS = (
					"$(inherited)",
					"@executable_path/Frameworks",
				);
				MARKETING_VERSION = 1.0;
				PRODUCT_BUNDLE_IDENTIFIER = "com.pdapp.per-diem";
				PRODUCT_NAME = "$(TARGET_NAME)";
				PROVISIONING_PROFILE_SPECIFIER = "";
				SWIFT_EMIT_LOC_STRINGS = YES;
				SWIFT_VERSION = 5.0;
				TARGETED_DEVICE_FAMILY = "1,2";
			};
			name = Release;
		};
/* End XCBuildConfiguration section */

/* Begin XCConfigurationList section */
		71507309299EE61900100B88 /* Build configuration list for PBXProject "per-diem" */ = {
			isa = XCConfigurationList;
			buildConfigurations = (
				71507336299EE61A00100B88 /* Debug */,
				71507337299EE61A00100B88 /* Release */,
			);
			defaultConfigurationIsVisible = 0;
			defaultConfigurationName = Release;
		};
		71507338299EE61A00100B88 /* Build configuration list for PBXNativeTarget "per-diem" */ = {
			isa = XCConfigurationList;
			buildConfigurations = (
				71507339299EE61A00100B88 /* Debug */,
				7150733A299EE61A00100B88 /* Release */,
			);
			defaultConfigurationIsVisible = 0;
			defaultConfigurationName = Release;
		};
/* End XCConfigurationList section */

/* Begin XCRemoteSwiftPackageReference section */
		71010E4229BE9CB40051FBA9 /* XCRemoteSwiftPackageReference "EmojiPicker" */ = {
			isa = XCRemoteSwiftPackageReference;
			repositoryURL = "https://github.com/Kelvas09/EmojiPicker.git";
			requirement = {
				kind = upToNextMajorVersion;
				minimumVersion = 1.0.0;
			};
		};
		715DB9E829A3661800260B7C /* XCRemoteSwiftPackageReference "WrappingHStack" */ = {
			isa = XCRemoteSwiftPackageReference;
			repositoryURL = "https://github.com/dkk/WrappingHStack";
			requirement = {
				kind = upToNextMajorVersion;
				minimumVersion = 2.0.0;
			};
		};
/* End XCRemoteSwiftPackageReference section */

/* Begin XCSwiftPackageProductDependency section */
		71010E4329BE9CB40051FBA9 /* EmojiPicker */ = {
			isa = XCSwiftPackageProductDependency;
			package = 71010E4229BE9CB40051FBA9 /* XCRemoteSwiftPackageReference "EmojiPicker" */;
			productName = EmojiPicker;
		};
		715DB9E929A3661800260B7C /* WrappingHStack */ = {
			isa = XCSwiftPackageProductDependency;
			package = 715DB9E829A3661800260B7C /* XCRemoteSwiftPackageReference "WrappingHStack" */;
			productName = WrappingHStack;
		};
/* End XCSwiftPackageProductDependency section */

/* Begin XCVersionGroup section */
		7150731C299EE61A00100B88 /* per_diem.xcdatamodeld */ = {
			isa = XCVersionGroup;
			children = (
				7150731D299EE61A00100B88 /* per_diem.xcdatamodel */,
			);
			currentVersion = 7150731D299EE61A00100B88 /* per_diem.xcdatamodel */;
			path = per_diem.xcdatamodeld;
			sourceTree = "<group>";
			versionGroupType = wrapper.xcdatamodel;
		};
/* End XCVersionGroup section */
	};
	rootObject = 71507306299EE61900100B88 /* Project object */;
}
